
Microsoft Visual Studio Solution File, Format Version 12.00
# Visual Studio Version 16
VisualStudioVersion = 16.0.30309.148
MinimumVisualStudioVersion = 10.0.40219.1
Project("{8BC9CEB8-8B4A-11D0-8D11-00A0C91BC942}") = "KeyboardFilterDriverKMDF", "KeyboardFilterDriverKMDF\KeyboardFilterDriverKMDF.vcxproj", "{89F5C488-1CB5-47F4-B640-CF099B631400}"
EndProject
Project("{8BC9CEB8-8B4A-11D0-8D11-00A0C91BC942}") = "ConsoleCommunicationTest", "ConsoleCommunicationTest\ConsoleCommunicationTest.vcxproj", "{7B3182AD-9011-4EE6-914E-8871F9FAA0FC}"
EndProject
Project("{8BC9CEB8-8B4A-11D0-8D11-00A0C91BC942}") = "MacroLibrary", "MacroLibrary\MacroLibrary.vcxproj", "{7BFA749A-EFE4-439A-929C-E3816ED50050}"
EndProject
Global
	GlobalSection(SolutionConfigurationPlatforms) = preSolution
		Debug|Any CPU = Debug|Any CPU
		Debug|ARM = Debug|ARM
		Debug|ARM64 = Debug|ARM64
		Debug|x64 = Debug|x64
		Debug|x86 = Debug|x86
		Release|Any CPU = Release|Any CPU
		Release|ARM = Release|ARM
		Release|ARM64 = Release|ARM64
		Release|x64 = Release|x64
		Release|x86 = Release|x86
	EndGlobalSection
	GlobalSection(ProjectConfigurationPlatforms) = postSolution
		{89F5C488-1CB5-47F4-B640-CF099B631400}.Debug|Any CPU.ActiveCfg = Debug|Win32
		{89F5C488-1CB5-47F4-B640-CF099B631400}.Debug|ARM.ActiveCfg = Debug|ARM
		{89F5C488-1CB5-47F4-B640-CF099B631400}.Debug|ARM.Build.0 = Debug|ARM
		{89F5C488-1CB5-47F4-B640-CF099B631400}.Debug|ARM.Deploy.0 = Debug|ARM
		{89F5C488-1CB5-47F4-B640-CF099B631400}.Debug|ARM64.ActiveCfg = Debug|ARM64
		{89F5C488-1CB5-47F4-B640-CF099B631400}.Debug|ARM64.Build.0 = Debug|ARM64
		{89F5C488-1CB5-47F4-B640-CF099B631400}.Debug|ARM64.Deploy.0 = Debug|ARM64
		{89F5C488-1CB5-47F4-B640-CF099B631400}.Debug|x64.ActiveCfg = Debug|x64
		{89F5C488-1CB5-47F4-B640-CF099B631400}.Debug|x64.Build.0 = Debug|x64
		{89F5C488-1CB5-47F4-B640-CF099B631400}.Debug|x64.Deploy.0 = Debug|x64
		{89F5C488-1CB5-47F4-B640-CF099B631400}.Debug|x86.ActiveCfg = Debug|Win32
		{89F5C488-1CB5-47F4-B640-CF099B631400}.Debug|x86.Build.0 = Debug|Win32
		{89F5C488-1CB5-47F4-B640-CF099B631400}.Debug|x86.Deploy.0 = Debug|Win32
		{89F5C488-1CB5-47F4-B640-CF099B631400}.Release|Any CPU.ActiveCfg = Release|Win32
		{89F5C488-1CB5-47F4-B640-CF099B631400}.Release|ARM.ActiveCfg = Release|ARM
		{89F5C488-1CB5-47F4-B640-CF099B631400}.Release|ARM.Build.0 = Release|ARM
		{89F5C488-1CB5-47F4-B640-CF099B631400}.Release|ARM.Deploy.0 = Release|ARM
		{89F5C488-1CB5-47F4-B640-CF099B631400}.Release|ARM64.ActiveCfg = Release|ARM64
		{89F5C488-1CB5-47F4-B640-CF099B631400}.Release|ARM64.Build.0 = Release|ARM64
		{89F5C488-1CB5-47F4-B640-CF099B631400}.Release|ARM64.Deploy.0 = Release|ARM64
		{89F5C488-1CB5-47F4-B640-CF099B631400}.Release|x64.ActiveCfg = Release|x64
		{89F5C488-1CB5-47F4-B640-CF099B631400}.Release|x64.Build.0 = Release|x64
		{89F5C488-1CB5-47F4-B640-CF099B631400}.Release|x64.Deploy.0 = Release|x64
		{89F5C488-1CB5-47F4-B640-CF099B631400}.Release|x86.ActiveCfg = Release|Win32
		{89F5C488-1CB5-47F4-B640-CF099B631400}.Release|x86.Build.0 = Release|Win32
		{89F5C488-1CB5-47F4-B640-CF099B631400}.Release|x86.Deploy.0 = Release|Win32
		{7B3182AD-9011-4EE6-914E-8871F9FAA0FC}.Debug|Any CPU.ActiveCfg = Debug|Win32
		{7B3182AD-9011-4EE6-914E-8871F9FAA0FC}.Debug|ARM.ActiveCfg = Debug|Win32
		{7B3182AD-9011-4EE6-914E-8871F9FAA0FC}.Debug|ARM64.ActiveCfg = Debug|Win32
		{7B3182AD-9011-4EE6-914E-8871F9FAA0FC}.Debug|x64.ActiveCfg = Debug|x64
		{7B3182AD-9011-4EE6-914E-8871F9FAA0FC}.Debug|x64.Build.0 = Debug|x64
		{7B3182AD-9011-4EE6-914E-8871F9FAA0FC}.Debug|x86.ActiveCfg = Debug|Win32
		{7B3182AD-9011-4EE6-914E-8871F9FAA0FC}.Debug|x86.Build.0 = Debug|Win32
		{7B3182AD-9011-4EE6-914E-8871F9FAA0FC}.Release|Any CPU.ActiveCfg = Release|Win32
		{7B3182AD-9011-4EE6-914E-8871F9FAA0FC}.Release|ARM.ActiveCfg = Release|Win32
		{7B3182AD-9011-4EE6-914E-8871F9FAA0FC}.Release|ARM64.ActiveCfg = Release|Win32
		{7B3182AD-9011-4EE6-914E-8871F9FAA0FC}.Release|x64.ActiveCfg = Release|x64
		{7B3182AD-9011-4EE6-914E-8871F9FAA0FC}.Release|x64.Build.0 = Release|x64
		{7B3182AD-9011-4EE6-914E-8871F9FAA0FC}.Release|x86.ActiveCfg = Release|Win32
		{7B3182AD-9011-4EE6-914E-8871F9FAA0FC}.Release|x86.Build.0 = Release|Win32
		{7BFA749A-EFE4-439A-929C-E3816ED50050}.Debug|Any CPU.ActiveCfg = Debug|Win32
		{7BFA749A-EFE4-439A-929C-E3816ED50050}.Debug|ARM.ActiveCfg = Debug|Win32
		{7BFA749A-EFE4-439A-929C-E3816ED50050}.Debug|ARM64.ActiveCfg = Debug|Win32
		{7BFA749A-EFE4-439A-929C-E3816ED50050}.Debug|x64.ActiveCfg = Debug|x64
		{7BFA749A-EFE4-439A-929C-E3816ED50050}.Debug|x64.Build.0 = Debug|x64
		{7BFA749A-EFE4-439A-929C-E3816ED50050}.Debug|x86.ActiveCfg = Debug|Win32
		{7BFA749A-EFE4-439A-929C-E3816ED50050}.Debug|x86.Build.0 = Debug|Win32
		{7BFA749A-EFE4-439A-929C-E3816ED50050}.Release|Any CPU.ActiveCfg = Release|Win32
		{7BFA749A-EFE4-439A-929C-E3816ED50050}.Release|ARM.ActiveCfg = Release|Win32
		{7BFA749A-EFE4-439A-929C-E3816ED50050}.Release|ARM64.ActiveCfg = Release|Win32
		{7BFA749A-EFE4-439A-929C-E3816ED50050}.Release|x64.ActiveCfg = Release|x64
		{7BFA749A-EFE4-439A-929C-E3816ED50050}.Release|x64.Build.0 = Release|x64
		{7BFA749A-EFE4-439A-929C-E3816ED50050}.Release|x86.ActiveCfg = Release|Win32
		{7BFA749A-EFE4-439A-929C-E3816ED50050}.Release|x86.Build.0 = Release|Win32
	EndGlobalSection
	GlobalSection(SolutionProperties) = preSolution
		HideSolutionNode = FALSE
	EndGlobalSection
	GlobalSection(ExtensibilityGlobals) = postSolution
		SolutionGuid = {3DBA05E0-A642-40F5-B1C0-7B220427AA6F}
	EndGlobalSection
EndGlobal
