
Microsoft Visual Studio Solution File, Format Version 12.00
# Visual Studio Version 16
VisualStudioVersion = 16.0.30309.148
MinimumVisualStudioVersion = 10.0.40219.1
Project("{9A19103F-16F7-4668-BE54-9A1E7A4F7556}") = "ConsoleTest", "ConsoleTest\ConsoleTest.csproj", "{B7D88C2D-2705-423B-9B16-7EAB92CB778A}"
EndProject
Project("{8BC9CEB8-8B4A-11D0-8D11-00A0C91BC942}") = "LowLevelKeyboard", "LowLevelKeyboard\LowLevelKeyboard.vcxproj", "{94A3C3A8-B1C5-45ED-849A-B404471A6884}"
EndProject
Project("{8BC9CEB8-8B4A-11D0-8D11-00A0C91BC942}") = "KeyboardFilterDriverKMDF", "KeyboardFilterDriverKMDF\KeyboardFilterDriverKMDF.vcxproj", "{89F5C488-1CB5-47F4-B640-CF099B631400}"
EndProject
Global
	GlobalSection(SolutionConfigurationPlatforms) = preSolution
		Debug|Any CPU = Debug|Any CPU
		Debug|ARM = Debug|ARM
		Debug|ARM64 = Debug|ARM64
		Debug|x64 = Debug|x64
		Debug|x86 = Debug|x86
		Release|Any CPU = Release|Any CPU
		Release|ARM = Release|ARM
		Release|ARM64 = Release|ARM64
		Release|x64 = Release|x64
		Release|x86 = Release|x86
	EndGlobalSection
	GlobalSection(ProjectConfigurationPlatforms) = postSolution
		{B7D88C2D-2705-423B-9B16-7EAB92CB778A}.Debug|Any CPU.ActiveCfg = Debug|Any CPU
		{B7D88C2D-2705-423B-9B16-7EAB92CB778A}.Debug|Any CPU.Build.0 = Debug|Any CPU
		{B7D88C2D-2705-423B-9B16-7EAB92CB778A}.Debug|ARM.ActiveCfg = Debug|Any CPU
		{B7D88C2D-2705-423B-9B16-7EAB92CB778A}.Debug|ARM.Build.0 = Debug|Any CPU
		{B7D88C2D-2705-423B-9B16-7EAB92CB778A}.Debug|ARM64.ActiveCfg = Debug|Any CPU
		{B7D88C2D-2705-423B-9B16-7EAB92CB778A}.Debug|ARM64.Build.0 = Debug|Any CPU
		{B7D88C2D-2705-423B-9B16-7EAB92CB778A}.Debug|x64.ActiveCfg = Debug|Any CPU
		{B7D88C2D-2705-423B-9B16-7EAB92CB778A}.Debug|x64.Build.0 = Debug|Any CPU
		{B7D88C2D-2705-423B-9B16-7EAB92CB778A}.Debug|x86.ActiveCfg = Debug|Any CPU
		{B7D88C2D-2705-423B-9B16-7EAB92CB778A}.Debug|x86.Build.0 = Debug|Any CPU
		{B7D88C2D-2705-423B-9B16-7EAB92CB778A}.Release|Any CPU.ActiveCfg = Release|Any CPU
		{B7D88C2D-2705-423B-9B16-7EAB92CB778A}.Release|Any CPU.Build.0 = Release|Any CPU
		{B7D88C2D-2705-423B-9B16-7EAB92CB778A}.Release|ARM.ActiveCfg = Release|Any CPU
		{B7D88C2D-2705-423B-9B16-7EAB92CB778A}.Release|ARM.Build.0 = Release|Any CPU
		{B7D88C2D-2705-423B-9B16-7EAB92CB778A}.Release|ARM64.ActiveCfg = Release|Any CPU
		{B7D88C2D-2705-423B-9B16-7EAB92CB778A}.Release|ARM64.Build.0 = Release|Any CPU
		{B7D88C2D-2705-423B-9B16-7EAB92CB778A}.Release|x64.ActiveCfg = Release|Any CPU
		{B7D88C2D-2705-423B-9B16-7EAB92CB778A}.Release|x64.Build.0 = Release|Any CPU
		{B7D88C2D-2705-423B-9B16-7EAB92CB778A}.Release|x86.ActiveCfg = Release|Any CPU
		{B7D88C2D-2705-423B-9B16-7EAB92CB778A}.Release|x86.Build.0 = Release|Any CPU
		{94A3C3A8-B1C5-45ED-849A-B404471A6884}.Debug|Any CPU.ActiveCfg = Debug|Win32
		{94A3C3A8-B1C5-45ED-849A-B404471A6884}.Debug|ARM.ActiveCfg = Debug|Win32
		{94A3C3A8-B1C5-45ED-849A-B404471A6884}.Debug|ARM64.ActiveCfg = Debug|Win32
		{94A3C3A8-B1C5-45ED-849A-B404471A6884}.Debug|x64.ActiveCfg = Debug|x64
		{94A3C3A8-B1C5-45ED-849A-B404471A6884}.Debug|x64.Build.0 = Debug|x64
		{94A3C3A8-B1C5-45ED-849A-B404471A6884}.Debug|x86.ActiveCfg = Debug|Win32
		{94A3C3A8-B1C5-45ED-849A-B404471A6884}.Debug|x86.Build.0 = Debug|Win32
		{94A3C3A8-B1C5-45ED-849A-B404471A6884}.Release|Any CPU.ActiveCfg = Release|Win32
		{94A3C3A8-B1C5-45ED-849A-B404471A6884}.Release|ARM.ActiveCfg = Release|Win32
		{94A3C3A8-B1C5-45ED-849A-B404471A6884}.Release|ARM64.ActiveCfg = Release|Win32
		{94A3C3A8-B1C5-45ED-849A-B404471A6884}.Release|x64.ActiveCfg = Release|x64
		{94A3C3A8-B1C5-45ED-849A-B404471A6884}.Release|x64.Build.0 = Release|x64
		{94A3C3A8-B1C5-45ED-849A-B404471A6884}.Release|x86.ActiveCfg = Release|Win32
		{94A3C3A8-B1C5-45ED-849A-B404471A6884}.Release|x86.Build.0 = Release|Win32
		{89F5C488-1CB5-47F4-B640-CF099B631400}.Debug|Any CPU.ActiveCfg = Debug|Win32
		{89F5C488-1CB5-47F4-B640-CF099B631400}.Debug|ARM.ActiveCfg = Debug|ARM
		{89F5C488-1CB5-47F4-B640-CF099B631400}.Debug|ARM.Build.0 = Debug|ARM
		{89F5C488-1CB5-47F4-B640-CF099B631400}.Debug|ARM.Deploy.0 = Debug|ARM
		{89F5C488-1CB5-47F4-B640-CF099B631400}.Debug|ARM64.ActiveCfg = Debug|ARM64
		{89F5C488-1CB5-47F4-B640-CF099B631400}.Debug|ARM64.Build.0 = Debug|ARM64
		{89F5C488-1CB5-47F4-B640-CF099B631400}.Debug|ARM64.Deploy.0 = Debug|ARM64
		{89F5C488-1CB5-47F4-B640-CF099B631400}.Debug|x64.ActiveCfg = Debug|x64
		{89F5C488-1CB5-47F4-B640-CF099B631400}.Debug|x64.Build.0 = Debug|x64
		{89F5C488-1CB5-47F4-B640-CF099B631400}.Debug|x64.Deploy.0 = Debug|x64
		{89F5C488-1CB5-47F4-B640-CF099B631400}.Debug|x86.ActiveCfg = Debug|Win32
		{89F5C488-1CB5-47F4-B640-CF099B631400}.Debug|x86.Build.0 = Debug|Win32
		{89F5C488-1CB5-47F4-B640-CF099B631400}.Debug|x86.Deploy.0 = Debug|Win32
		{89F5C488-1CB5-47F4-B640-CF099B631400}.Release|Any CPU.ActiveCfg = Release|Win32
		{89F5C488-1CB5-47F4-B640-CF099B631400}.Release|ARM.ActiveCfg = Release|ARM
		{89F5C488-1CB5-47F4-B640-CF099B631400}.Release|ARM.Build.0 = Release|ARM
		{89F5C488-1CB5-47F4-B640-CF099B631400}.Release|ARM.Deploy.0 = Release|ARM
		{89F5C488-1CB5-47F4-B640-CF099B631400}.Release|ARM64.ActiveCfg = Release|ARM64
		{89F5C488-1CB5-47F4-B640-CF099B631400}.Release|ARM64.Build.0 = Release|ARM64
		{89F5C488-1CB5-47F4-B640-CF099B631400}.Release|ARM64.Deploy.0 = Release|ARM64
		{89F5C488-1CB5-47F4-B640-CF099B631400}.Release|x64.ActiveCfg = Release|x64
		{89F5C488-1CB5-47F4-B640-CF099B631400}.Release|x64.Build.0 = Release|x64
		{89F5C488-1CB5-47F4-B640-CF099B631400}.Release|x64.Deploy.0 = Release|x64
		{89F5C488-1CB5-47F4-B640-CF099B631400}.Release|x86.ActiveCfg = Release|Win32
		{89F5C488-1CB5-47F4-B640-CF099B631400}.Release|x86.Build.0 = Release|Win32
		{89F5C488-1CB5-47F4-B640-CF099B631400}.Release|x86.Deploy.0 = Release|Win32
	EndGlobalSection
	GlobalSection(SolutionProperties) = preSolution
		HideSolutionNode = FALSE
	EndGlobalSection
	GlobalSection(ExtensibilityGlobals) = postSolution
		SolutionGuid = {3DBA05E0-A642-40F5-B1C0-7B220427AA6F}
	EndGlobalSection
EndGlobal
